
Microsoft Visual Studio Solution File, Format Version 12.00
# Visual Studio Version 16
VisualStudioVersion = 16.0.29215.179
MinimumVisualStudioVersion = 10.0.40219.1
Project("{FAE04EC0-301F-11D3-BF4B-00C04F79EFBC}") = "MyFirstNez", "MyFirstNez\MyFirstNez.csproj", "{2DEC3B8B-EB8D-4295-ADEA-C53EC37781E9}"
EndProject
Project("{9A19103F-16F7-4668-BE54-9A1E7A4F7556}") = "Nez", "Nez\Nez.Portable\Nez.csproj", "{7864FDA0-8528-4AB6-A8F9-2655806F1894}"
EndProject
Global
	GlobalSection(SolutionConfigurationPlatforms) = preSolution
		Debug|Any CPU = Debug|Any CPU
		Release|Any CPU = Release|Any CPU
	EndGlobalSection
	GlobalSection(ProjectConfigurationPlatforms) = postSolution
		{2DEC3B8B-EB8D-4295-ADEA-C53EC37781E9}.Debug|Any CPU.ActiveCfg = Debug|Any CPU
		{2DEC3B8B-EB8D-4295-ADEA-C53EC37781E9}.Debug|Any CPU.Build.0 = Debug|Any CPU
		{2DEC3B8B-EB8D-4295-ADEA-C53EC37781E9}.Release|Any CPU.ActiveCfg = Release|Any CPU
		{2DEC3B8B-EB8D-4295-ADEA-C53EC37781E9}.Release|Any CPU.Build.0 = Release|Any CPU
		{7864FDA0-8528-4AB6-A8F9-2655806F1894}.Debug|Any CPU.ActiveCfg = Debug|Any CPU
		{7864FDA0-8528-4AB6-A8F9-2655806F1894}.Debug|Any CPU.Build.0 = Debug|Any CPU
		{7864FDA0-8528-4AB6-A8F9-2655806F1894}.Release|Any CPU.ActiveCfg = Release|Any CPU
		{7864FDA0-8528-4AB6-A8F9-2655806F1894}.Release|Any CPU.Build.0 = Release|Any CPU
	EndGlobalSection
	GlobalSection(SolutionProperties) = preSolution
		HideSolutionNode = FALSE
	EndGlobalSection
	GlobalSection(ExtensibilityGlobals) = postSolution
		SolutionGuid = {8457D03D-3C9B-466D-B93E-3AC64C39AADE}
	EndGlobalSection
EndGlobal
